// !$*UTF8*$!
{
	archiveVersion = 1;
	classes = {
	};
	objectVersion = 50;
	objects = {

/* Begin PBXBuildFile section */
		CA0C7B212103408D007F8961 /* HorizontalScrollerView.swift in Sources */ = {isa = PBXBuildFile; fileRef = CA0C7B202103408D007F8961 /* HorizontalScrollerView.swift */; };
		CA8E829B2105A3E90033836A /* Constants.swift in Sources */ = {isa = PBXBuildFile; fileRef = CA8E829A2105A3E90033836A /* Constants.swift */; };
		CA8E829D2105B1D80033836A /* NotificationExtension.swift in Sources */ = {isa = PBXBuildFile; fileRef = CA8E829C2105B1D80033836A /* NotificationExtension.swift */; };
		CABFC1602101834900CE4EF8 /* AppDelegate.swift in Sources */ = {isa = PBXBuildFile; fileRef = CABFC15F2101834900CE4EF8 /* AppDelegate.swift */; };
		CABFC1622101834900CE4EF8 /* ViewController.swift in Sources */ = {isa = PBXBuildFile; fileRef = CABFC1612101834900CE4EF8 /* ViewController.swift */; };
		CABFC1672101834B00CE4EF8 /* Assets.xcassets in Resources */ = {isa = PBXBuildFile; fileRef = CABFC1662101834B00CE4EF8 /* Assets.xcassets */; };
		CABFC16A2101834B00CE4EF8 /* LaunchScreen.storyboard in Resources */ = {isa = PBXBuildFile; fileRef = CABFC1682101834B00CE4EF8 /* LaunchScreen.storyboard */; };
		CABFC17621019C9200CE4EF8 /* Album.swift in Sources */ = {isa = PBXBuildFile; fileRef = CABFC17521019C9200CE4EF8 /* Album.swift */; };
		CABFC17821019CA200CE4EF8 /* AlbumView.swift in Sources */ = {isa = PBXBuildFile; fileRef = CABFC17721019CA200CE4EF8 /* AlbumView.swift */; };
		CABFC17B21019D6C00CE4EF8 /* HTTPClient.swift in Sources */ = {isa = PBXBuildFile; fileRef = CABFC17A21019D6C00CE4EF8 /* HTTPClient.swift */; };
		CABFC17D21019FA200CE4EF8 /* LibraryAPI.swift in Sources */ = {isa = PBXBuildFile; fileRef = CABFC17C21019FA200CE4EF8 /* LibraryAPI.swift */; };
		CABFC17F2101A06500CE4EF8 /* PersistencyManager.swift in Sources */ = {isa = PBXBuildFile; fileRef = CABFC17E2101A06500CE4EF8 /* PersistencyManager.swift */; };
/* End PBXBuildFile section */

/* Begin PBXFileReference section */
		CA0C7B202103408D007F8961 /* HorizontalScrollerView.swift */ = {isa = PBXFileReference; lastKnownFileType = sourcecode.swift; path = HorizontalScrollerView.swift; sourceTree = "<group>"; };
		CA8E829A2105A3E90033836A /* Constants.swift */ = {isa = PBXFileReference; lastKnownFileType = sourcecode.swift; path = Constants.swift; sourceTree = "<group>"; };
		CA8E829C2105B1D80033836A /* NotificationExtension.swift */ = {isa = PBXFileReference; lastKnownFileType = sourcecode.swift; path = NotificationExtension.swift; sourceTree = "<group>"; };
		CABFC15C2101834900CE4EF8 /* MusicLibrary.app */ = {isa = PBXFileReference; explicitFileType = wrapper.application; includeInIndex = 0; path = MusicLibrary.app; sourceTree = BUILT_PRODUCTS_DIR; };
		CABFC15F2101834900CE4EF8 /* AppDelegate.swift */ = {isa = PBXFileReference; lastKnownFileType = sourcecode.swift; path = AppDelegate.swift; sourceTree = "<group>"; };
		CABFC1612101834900CE4EF8 /* ViewController.swift */ = {isa = PBXFileReference; lastKnownFileType = sourcecode.swift; path = ViewController.swift; sourceTree = "<group>"; };
		CABFC1662101834B00CE4EF8 /* Assets.xcassets */ = {isa = PBXFileReference; lastKnownFileType = folder.assetcatalog; path = Assets.xcassets; sourceTree = "<group>"; };
		CABFC1692101834B00CE4EF8 /* Base */ = {isa = PBXFileReference; lastKnownFileType = file.storyboard; name = Base; path = Base.lproj/LaunchScreen.storyboard; sourceTree = "<group>"; };
		CABFC16B2101834B00CE4EF8 /* Info.plist */ = {isa = PBXFileReference; lastKnownFileType = text.plist.xml; path = Info.plist; sourceTree = "<group>"; };
		CABFC17521019C9200CE4EF8 /* Album.swift */ = {isa = PBXFileReference; lastKnownFileType = sourcecode.swift; path = Album.swift; sourceTree = "<group>"; };
		CABFC17721019CA200CE4EF8 /* AlbumView.swift */ = {isa = PBXFileReference; lastKnownFileType = sourcecode.swift; path = AlbumView.swift; sourceTree = "<group>"; };
		CABFC17A21019D6C00CE4EF8 /* HTTPClient.swift */ = {isa = PBXFileReference; lastKnownFileType = sourcecode.swift; path = HTTPClient.swift; sourceTree = "<group>"; };
		CABFC17C21019FA200CE4EF8 /* LibraryAPI.swift */ = {isa = PBXFileReference; lastKnownFileType = sourcecode.swift; path = LibraryAPI.swift; sourceTree = "<group>"; };
		CABFC17E2101A06500CE4EF8 /* PersistencyManager.swift */ = {isa = PBXFileReference; lastKnownFileType = sourcecode.swift; path = PersistencyManager.swift; sourceTree = "<group>"; };
/* End PBXFileReference section */

/* Begin PBXFrameworksBuildPhase section */
		CABFC1592101834900CE4EF8 /* Frameworks */ = {
			isa = PBXFrameworksBuildPhase;
			buildActionMask = 2147483647;
			files = (
			);
			runOnlyForDeploymentPostprocessing = 0;
		};
/* End PBXFrameworksBuildPhase section */

/* Begin PBXGroup section */
		CABFC1532101834900CE4EF8 = {
			isa = PBXGroup;
			children = (
				CABFC15E2101834900CE4EF8 /* MusicLibrary */,
				CABFC15D2101834900CE4EF8 /* Products */,
			);
			sourceTree = "<group>";
		};
		CABFC15D2101834900CE4EF8 /* Products */ = {
			isa = PBXGroup;
			children = (
				CABFC15C2101834900CE4EF8 /* MusicLibrary.app */,
			);
			name = Products;
			sourceTree = "<group>";
		};
		CABFC15E2101834900CE4EF8 /* MusicLibrary */ = {
			isa = PBXGroup;
			children = (
				CABFC15F2101834900CE4EF8 /* AppDelegate.swift */,
				CABFC1712101857B00CE4EF8 /* Model */,
				CABFC1722101858500CE4EF8 /* View */,
				CABFC1732101858B00CE4EF8 /* Controller */,
				CABFC17921019D5A00CE4EF8 /* API */,
				CABFC1742101859C00CE4EF8 /* Helper */,
				CABFC1662101834B00CE4EF8 /* Assets.xcassets */,
				CABFC16B2101834B00CE4EF8 /* Info.plist */,
			);
			path = MusicLibrary;
			sourceTree = "<group>";
		};
		CABFC1712101857B00CE4EF8 /* Model */ = {
			isa = PBXGroup;
			children = (
				CABFC17521019C9200CE4EF8 /* Album.swift */,
			);
			path = Model;
			sourceTree = "<group>";
		};
		CABFC1722101858500CE4EF8 /* View */ = {
			isa = PBXGroup;
			children = (
				CABFC1682101834B00CE4EF8 /* LaunchScreen.storyboard */,
				CABFC17721019CA200CE4EF8 /* AlbumView.swift */,
				CA0C7B202103408D007F8961 /* HorizontalScrollerView.swift */,
			);
			path = View;
			sourceTree = "<group>";
		};
		CABFC1732101858B00CE4EF8 /* Controller */ = {
			isa = PBXGroup;
			children = (
				CABFC1612101834900CE4EF8 /* ViewController.swift */,
			);
			path = Controller;
			sourceTree = "<group>";
		};
		CABFC1742101859C00CE4EF8 /* Helper */ = {
			isa = PBXGroup;
			children = (
				CA8E829A2105A3E90033836A /* Constants.swift */,
				CA8E829C2105B1D80033836A /* NotificationExtension.swift */,
			);
			path = Helper;
			sourceTree = "<group>";
		};
		CABFC17921019D5A00CE4EF8 /* API */ = {
			isa = PBXGroup;
			children = (
				CABFC17A21019D6C00CE4EF8 /* HTTPClient.swift */,
				CABFC17C21019FA200CE4EF8 /* LibraryAPI.swift */,
				CABFC17E2101A06500CE4EF8 /* PersistencyManager.swift */,
			);
			path = API;
			sourceTree = "<group>";
		};
/* End PBXGroup section */

/* Begin PBXNativeTarget section */
		CABFC15B2101834900CE4EF8 /* MusicLibrary */ = {
			isa = PBXNativeTarget;
			buildConfigurationList = CABFC16E2101834B00CE4EF8 /* Build configuration list for PBXNativeTarget "MusicLibrary" */;
			buildPhases = (
				CABFC1582101834900CE4EF8 /* Sources */,
				CABFC1592101834900CE4EF8 /* Frameworks */,
				CABFC15A2101834900CE4EF8 /* Resources */,
			);
			buildRules = (
			);
			dependencies = (
			);
			name = MusicLibrary;
			productName = MusicLibrary;
			productReference = CABFC15C2101834900CE4EF8 /* MusicLibrary.app */;
			productType = "com.apple.product-type.application";
		};
/* End PBXNativeTarget section */

/* Begin PBXProject section */
		CABFC1542101834900CE4EF8 /* Project object */ = {
			isa = PBXProject;
			attributes = {
				LastSwiftUpdateCheck = 0940;
				LastUpgradeCheck = 0940;
				ORGANIZATIONNAME = "Afiq Ramli";
				TargetAttributes = {
					CABFC15B2101834900CE4EF8 = {
						CreatedOnToolsVersion = 9.4.1;
					};
				};
			};
			buildConfigurationList = CABFC1572101834900CE4EF8 /* Build configuration list for PBXProject "MusicLibrary" */;
			compatibilityVersion = "Xcode 9.3";
			developmentRegion = en;
			hasScannedForEncodings = 0;
			knownRegions = (
				en,
				Base,
			);
			mainGroup = CABFC1532101834900CE4EF8;
			productRefGroup = CABFC15D2101834900CE4EF8 /* Products */;
			projectDirPath = "";
			projectRoot = "";
			targets = (
				CABFC15B2101834900CE4EF8 /* MusicLibrary */,
			);
		};
/* End PBXProject section */

/* Begin PBXResourcesBuildPhase section */
		CABFC15A2101834900CE4EF8 /* Resources */ = {
			isa = PBXResourcesBuildPhase;
			buildActionMask = 2147483647;
			files = (
				CABFC16A2101834B00CE4EF8 /* LaunchScreen.storyboard in Resources */,
				CABFC1672101834B00CE4EF8 /* Assets.xcassets in Resources */,
			);
			runOnlyForDeploymentPostprocessing = 0;
		};
/* End PBXResourcesBuildPhase section */

/* Begin PBXSourcesBuildPhase section */
		CABFC1582101834900CE4EF8 /* Sources */ = {
			isa = PBXSourcesBuildPhase;
			buildActionMask = 2147483647;
			files = (
				CA8E829D2105B1D80033836A /* NotificationExtension.swift in Sources */,
				CABFC1622101834900CE4EF8 /* ViewController.swift in Sources */,
				CABFC17B21019D6C00CE4EF8 /* HTTPClient.swift in Sources */,
				CA0C7B212103408D007F8961 /* HorizontalScrollerView.swift in Sources */,
				CABFC17D21019FA200CE4EF8 /* LibraryAPI.swift in Sources */,
				CABFC1602101834900CE4EF8 /* AppDelegate.swift in Sources */,
				CABFC17821019CA200CE4EF8 /* AlbumView.swift in Sources */,
				CABFC17621019C9200CE4EF8 /* Album.swift in Sources */,
				CABFC17F2101A06500CE4EF8 /* PersistencyManager.swift in Sources */,
				CA8E829B2105A3E90033836A /* Constants.swift in Sources */,
			);
			runOnlyForDeploymentPostprocessing = 0;
		};
/* End PBXSourcesBuildPhase section */

/* Begin PBXVariantGroup section */
		CABFC1682101834B00CE4EF8 /* LaunchScreen.storyboard */ = {
			isa = PBXVariantGroup;
			children = (
				CABFC1692101834B00CE4EF8 /* Base */,
			);
			name = LaunchScreen.storyboard;
			sourceTree = "<group>";
		};
/* End PBXVariantGroup section */

/* Begin XCBuildConfiguration section */
		CABFC16C2101834B00CE4EF8 /* Debug */ = {
			isa = XCBuildConfiguration;
			buildSettings = {
				ALWAYS_SEARCH_USER_PATHS = NO;
				CLANG_ANALYZER_NONNULL = YES;
				CLANG_ANALYZER_NUMBER_OBJECT_CONVERSION = YES_AGGRESSIVE;
				CLANG_CXX_LANGUAGE_STANDARD = "gnu++14";
				CLANG_CXX_LIBRARY = "libc++";
				CLANG_ENABLE_MODULES = YES;
				CLANG_ENABLE_OBJC_ARC = YES;
				CLANG_ENABLE_OBJC_WEAK = YES;
				CLANG_WARN_BLOCK_CAPTURE_AUTORELEASING = YES;
				CLANG_WARN_BOOL_CONVERSION = YES;
				CLANG_WARN_COMMA = YES;
				CLANG_WARN_CONSTANT_CONVERSION = YES;
				CLANG_WARN_DEPRECATED_OBJC_IMPLEMENTATIONS = YES;
				CLANG_WARN_DIRECT_OBJC_ISA_USAGE = YES_ERROR;
				CLANG_WARN_DOCUMENTATION_COMMENTS = YES;
				CLANG_WARN_EMPTY_BODY = YES;
				CLANG_WARN_ENUM_CONVERSION = YES;
				CLANG_WARN_INFINITE_RECURSION = YES;
				CLANG_WARN_INT_CONVERSION = YES;
				CLANG_WARN_NON_LITERAL_NULL_CONVERSION = YES;
				CLANG_WARN_OBJC_IMPLICIT_RETAIN_SELF = YES;
				CLANG_WARN_OBJC_LITERAL_CONVERSION = YES;
				CLANG_WARN_OBJC_ROOT_CLASS = YES_ERROR;
				CLANG_WARN_RANGE_LOOP_ANALYSIS = YES;
				CLANG_WARN_STRICT_PROTOTYPES = YES;
				CLANG_WARN_SUSPICIOUS_MOVE = YES;
				CLANG_WARN_UNGUARDED_AVAILABILITY = YES_AGGRESSIVE;
				CLANG_WARN_UNREACHABLE_CODE = YES;
				CLANG_WARN__DUPLICATE_METHOD_MATCH = YES;
				CODE_SIGN_IDENTITY = "iPhone Developer";
				COPY_PHASE_STRIP = NO;
				DEBUG_INFORMATION_FORMAT = dwarf;
				ENABLE_STRICT_OBJC_MSGSEND = YES;
				ENABLE_TESTABILITY = YES;
				GCC_C_LANGUAGE_STANDARD = gnu11;
				GCC_DYNAMIC_NO_PIC = NO;
				GCC_NO_COMMON_BLOCKS = YES;
				GCC_OPTIMIZATION_LEVEL = 0;
				GCC_PREPROCESSOR_DEFINITIONS = (
					"DEBUG=1",
					"$(inherited)",
				);
				GCC_WARN_64_TO_32_BIT_CONVERSION = YES;
				GCC_WARN_ABOUT_RETURN_TYPE = YES_ERROR;
				GCC_WARN_UNDECLARED_SELECTOR = YES;
				GCC_WARN_UNINITIALIZED_AUTOS = YES_AGGRESSIVE;
				GCC_WARN_UNUSED_FUNCTION = YES;
				GCC_WARN_UNUSED_VARIABLE = YES;
				IPHONEOS_DEPLOYMENT_TARGET = 11.4;
				MTL_ENABLE_DEBUG_INFO = YES;
				ONLY_ACTIVE_ARCH = YES;
				SDKROOT = iphoneos;
				SWIFT_ACTIVE_COMPILATION_CONDITIONS = DEBUG;
				SWIFT_OPTIMIZATION_LEVEL = "-Onone";
			};
			name = Debug;
		};
		CABFC16D2101834B00CE4EF8 /* Release */ = {
			isa = XCBuildConfiguration;
			buildSettings = {
				ALWAYS_SEARCH_USER_PATHS = NO;
				CLANG_ANALYZER_NONNULL = YES;
				CLANG_ANALYZER_NUMBER_OBJECT_CONVERSION = YES_AGGRESSIVE;
				CLANG_CXX_LANGUAGE_STANDARD = "gnu++14";
				CLANG_CXX_LIBRARY = "libc++";
				CLANG_ENABLE_MODULES = YES;
				CLANG_ENABLE_OBJC_ARC = YES;
				CLANG_ENABLE_OBJC_WEAK = YES;
				CLANG_WARN_BLOCK_CAPTURE_AUTORELEASING = YES;
				CLANG_WARN_BOOL_CONVERSION = YES;
				CLANG_WARN_COMMA = YES;
				CLANG_WARN_CONSTANT_CONVERSION = YES;
				CLANG_WARN_DEPRECATED_OBJC_IMPLEMENTATIONS = YES;
				CLANG_WARN_DIRECT_OBJC_ISA_USAGE = YES_ERROR;
				CLANG_WARN_DOCUMENTATION_COMMENTS = YES;
				CLANG_WARN_EMPTY_BODY = YES;
				CLANG_WARN_ENUM_CONVERSION = YES;
				CLANG_WARN_INFINITE_RECURSION = YES;
				CLANG_WARN_INT_CONVERSION = YES;
				CLANG_WARN_NON_LITERAL_NULL_CONVERSION = YES;
				CLANG_WARN_OBJC_IMPLICIT_RETAIN_SELF = YES;
				CLANG_WARN_OBJC_LITERAL_CONVERSION = YES;
				CLANG_WARN_OBJC_ROOT_CLASS = YES_ERROR;
				CLANG_WARN_RANGE_LOOP_ANALYSIS = YES;
				CLANG_WARN_STRICT_PROTOTYPES = YES;
				CLANG_WARN_SUSPICIOUS_MOVE = YES;
				CLANG_WARN_UNGUARDED_AVAILABILITY = YES_AGGRESSIVE;
				CLANG_WARN_UNREACHABLE_CODE = YES;
				CLANG_WARN__DUPLICATE_METHOD_MATCH = YES;
				CODE_SIGN_IDENTITY = "iPhone Developer";
				COPY_PHASE_STRIP = NO;
				DEBUG_INFORMATION_FORMAT = "dwarf-with-dsym";
				ENABLE_NS_ASSERTIONS = NO;
				ENABLE_STRICT_OBJC_MSGSEND = YES;
				GCC_C_LANGUAGE_STANDARD = gnu11;
				GCC_NO_COMMON_BLOCKS = YES;
				GCC_WARN_64_TO_32_BIT_CONVERSION = YES;
				GCC_WARN_ABOUT_RETURN_TYPE = YES_ERROR;
				GCC_WARN_UNDECLARED_SELECTOR = YES;
				GCC_WARN_UNINITIALIZED_AUTOS = YES_AGGRESSIVE;
				GCC_WARN_UNUSED_FUNCTION = YES;
				GCC_WARN_UNUSED_VARIABLE = YES;
				IPHONEOS_DEPLOYMENT_TARGET = 11.4;
				MTL_ENABLE_DEBUG_INFO = NO;
				SDKROOT = iphoneos;
				SWIFT_COMPILATION_MODE = wholemodule;
				SWIFT_OPTIMIZATION_LEVEL = "-O";
				VALIDATE_PRODUCT = YES;
			};
			name = Release;
		};
		CABFC16F2101834B00CE4EF8 /* Debug */ = {
			isa = XCBuildConfiguration;
			buildSettings = {
				ASSETCATALOG_COMPILER_APPICON_NAME = AppIcon;
				CODE_SIGN_STYLE = Automatic;
				INFOPLIST_FILE = MusicLibrary/Info.plist;
				LD_RUNPATH_SEARCH_PATHS = (
					"$(inherited)",
					"@executable_path/Frameworks",
				);
				PRODUCT_BUNDLE_IDENTIFIER = com.afiqramli.MusicLibrary;
				PRODUCT_NAME = "$(TARGET_NAME)";
				SWIFT_VERSION = 4.0;
				TARGETED_DEVICE_FAMILY = "1,2";
			};
			name = Debug;
		};
		CABFC1702101834B00CE4EF8 /* Release */ = {
			isa = XCBuildConfiguration;
			buildSettings = {
				ASSETCATALOG_COMPILER_APPICON_NAME = AppIcon;
				CODE_SIGN_STYLE = Automatic;
				INFOPLIST_FILE = MusicLibrary/Info.plist;
				LD_RUNPATH_SEARCH_PATHS = (
					"$(inherited)",
					"@executable_path/Frameworks",
				);
				PRODUCT_BUNDLE_IDENTIFIER = com.afiqramli.MusicLibrary;
				PRODUCT_NAME = "$(TARGET_NAME)";
				SWIFT_VERSION = 4.0;
				TARGETED_DEVICE_FAMILY = "1,2";
			};
			name = Release;
		};
/* End XCBuildConfiguration section */

/* Begin XCConfigurationList section */
		CABFC1572101834900CE4EF8 /* Build configuration list for PBXProject "MusicLibrary" */ = {
			isa = XCConfigurationList;
			buildConfigurations = (
				CABFC16C2101834B00CE4EF8 /* Debug */,
				CABFC16D2101834B00CE4EF8 /* Release */,
			);
			defaultConfigurationIsVisible = 0;
			defaultConfigurationName = Release;
		};
		CABFC16E2101834B00CE4EF8 /* Build configuration list for PBXNativeTarget "MusicLibrary" */ = {
			isa = XCConfigurationList;
			buildConfigurations = (
				CABFC16F2101834B00CE4EF8 /* Debug */,
				CABFC1702101834B00CE4EF8 /* Release */,
			);
			defaultConfigurationIsVisible = 0;
			defaultConfigurationName = Release;
		};
/* End XCConfigurationList section */
	};
	rootObject = CABFC1542101834900CE4EF8 /* Project object */;
}
